
Microsoft Visual Studio Solution File, Format Version 12.00
# Visual Studio 14
VisualStudioVersion = 14.0.25420.1
MinimumVisualStudioVersion = 10.0.40219.1
Project("{FAE04EC0-301F-11D3-BF4B-00C04F79EFBC}") = "SimpleHttpServer", "SimpleHttpServer\SimpleHttpServer.csproj", "{5B32ECB6-02D1-4B7C-8236-E5841CEC37A6}"
EndProject
Project("{FAE04EC0-301F-11D3-BF4B-00C04F79EFBC}") = "ConsoleApplication", "ConsoleApplication\ConsoleApplication.csproj", "{3F2997D6-1664-4DE9-A8D3-9D82F5D705B3}"
EndProject
Global
	GlobalSection(SolutionConfigurationPlatforms) = preSolution
		Debug|Any CPU = Debug|Any CPU
		Release|Any CPU = Release|Any CPU
	EndGlobalSection
	GlobalSection(ProjectConfigurationPlatforms) = postSolution
		{5B32ECB6-02D1-4B7C-8236-E5841CEC37A6}.Debug|Any CPU.ActiveCfg = Debug|Any CPU
		{5B32ECB6-02D1-4B7C-8236-E5841CEC37A6}.Debug|Any CPU.Build.0 = Debug|Any CPU
		{5B32ECB6-02D1-4B7C-8236-E5841CEC37A6}.Release|Any CPU.ActiveCfg = Release|Any CPU
		{5B32ECB6-02D1-4B7C-8236-E5841CEC37A6}.Release|Any CPU.Build.0 = Release|Any CPU
		{3F2997D6-1664-4DE9-A8D3-9D82F5D705B3}.Debug|Any CPU.ActiveCfg = Debug|Any CPU
		{3F2997D6-1664-4DE9-A8D3-9D82F5D705B3}.Debug|Any CPU.Build.0 = Debug|Any CPU
		{3F2997D6-1664-4DE9-A8D3-9D82F5D705B3}.Release|Any CPU.ActiveCfg = Release|Any CPU
		{3F2997D6-1664-4DE9-A8D3-9D82F5D705B3}.Release|Any CPU.Build.0 = Release|Any CPU
	EndGlobalSection
	GlobalSection(SolutionProperties) = preSolution
		HideSolutionNode = FALSE
	EndGlobalSection
EndGlobal
